
Microsoft Visual Studio Solution File, Format Version 12.00
# Visual Studio 15
VisualStudioVersion = 15.0.28307.1169
MinimumVisualStudioVersion = 10.0.40219.1
Project("{FAE04EC0-301F-11D3-BF4B-00C04F79EFBC}") = "SampleWebAPISignalR", "SampleWebAPISignalR\SampleWebAPISignalR.csproj", "{5868A6BC-8775-451E-97C5-6899F93AA619}"
EndProject
Global
	GlobalSection(SolutionConfigurationPlatforms) = preSolution
		Debug|Any CPU = Debug|Any CPU
		Release|Any CPU = Release|Any CPU
	EndGlobalSection
	GlobalSection(ProjectConfigurationPlatforms) = postSolution
		{5868A6BC-8775-451E-97C5-6899F93AA619}.Debug|Any CPU.ActiveCfg = Debug|Any CPU
		{5868A6BC-8775-451E-97C5-6899F93AA619}.Debug|Any CPU.Build.0 = Debug|Any CPU
		{5868A6BC-8775-451E-97C5-6899F93AA619}.Release|Any CPU.ActiveCfg = Release|Any CPU
		{5868A6BC-8775-451E-97C5-6899F93AA619}.Release|Any CPU.Build.0 = Release|Any CPU
	EndGlobalSection
	GlobalSection(SolutionProperties) = preSolution
		HideSolutionNode = FALSE
	EndGlobalSection
	GlobalSection(ExtensibilityGlobals) = postSolution
		SolutionGuid = {978DE88C-544A-4E42-99E2-5A48985619EF}
	EndGlobalSection
EndGlobal
